// !$*UTF8*$!
{
	archiveVersion = 1;
	classes = {
	};
	objectVersion = 55;
	objects = {

/* Begin PBXBuildFile section */
		F8B6C75D2764EE1D0010F14D /* AppDelegate.swift in Sources */ = {isa = PBXBuildFile; fileRef = F8B6C75C2764EE1D0010F14D /* AppDelegate.swift */; };
		F8B6C75F2764EE1D0010F14D /* SceneDelegate.swift in Sources */ = {isa = PBXBuildFile; fileRef = F8B6C75E2764EE1D0010F14D /* SceneDelegate.swift */; };
		F8B6C7612764EE1D0010F14D /* ViewController.swift in Sources */ = {isa = PBXBuildFile; fileRef = F8B6C7602764EE1D0010F14D /* ViewController.swift */; };
		F8B6C7642764EE1D0010F14D /* Main.storyboard in Resources */ = {isa = PBXBuildFile; fileRef = F8B6C7622764EE1D0010F14D /* Main.storyboard */; };
		F8B6C7662764EE1D0010F14D /* Assets.xcassets in Resources */ = {isa = PBXBuildFile; fileRef = F8B6C7652764EE1D0010F14D /* Assets.xcassets */; };
		F8B6C7692764EE1D0010F14D /* LaunchScreen.storyboard in Resources */ = {isa = PBXBuildFile; fileRef = F8B6C7672764EE1D0010F14D /* LaunchScreen.storyboard */; };
		F8B6C7712764EEDC0010F14D /* SecondViewController.swift in Sources */ = {isa = PBXBuildFile; fileRef = F8B6C7702764EEDC0010F14D /* SecondViewController.swift */; };
		F8B6C7732764EEED0010F14D /* ThirdViewController.swift in Sources */ = {isa = PBXBuildFile; fileRef = F8B6C7722764EEED0010F14D /* ThirdViewController.swift */; };
		F8B6C7882764F7390010F14D /* photo.png in Resources */ = {isa = PBXBuildFile; fileRef = F8B6C7752764F7390010F14D /* photo.png */; };
		F8B6C7892764F7390010F14D /* calendar.png in Resources */ = {isa = PBXBuildFile; fileRef = F8B6C7762764F7390010F14D /* calendar.png */; };
		F8B6C78A2764F7390010F14D /* designbump@2x.png in Resources */ = {isa = PBXBuildFile; fileRef = F8B6C7772764F7390010F14D /* designbump@2x.png */; };
		F8B6C78B2764F7390010F14D /* file-tree.png in Resources */ = {isa = PBXBuildFile; fileRef = F8B6C7782764F7390010F14D /* file-tree.png */; };
		F8B6C78C2764F7390010F14D /* google@2x.png in Resources */ = {isa = PBXBuildFile; fileRef = F8B6C7792764F7390010F14D /* google@2x.png */; };
		F8B6C78D2764F7390010F14D /* menubar-bg-mini.png in Resources */ = {isa = PBXBuildFile; fileRef = F8B6C77A2764F7390010F14D /* menubar-bg-mini.png */; };
		F8B6C78E2764F73A0010F14D /* menubar-bg.png in Resources */ = {isa = PBXBuildFile; fileRef = F8B6C77B2764F7390010F14D /* menubar-bg.png */; };
		F8B6C78F2764F73A0010F14D /* checkmark@2x.png in Resources */ = {isa = PBXBuildFile; fileRef = F8B6C77C2764F7390010F14D /* checkmark@2x.png */; };
		F8B6C7902764F73A0010F14D /* twitter@2x.png in Resources */ = {isa = PBXBuildFile; fileRef = F8B6C7832764F7390010F14D /* twitter@2x.png */; };
		F8B6C7912764F73A0010F14D /* facebook@2x.png in Resources */ = {isa = PBXBuildFile; fileRef = F8B6C7842764F7390010F14D /* facebook@2x.png */; };
		F8B6C7922764F73A0010F14D /* homes_119.png in Resources */ = {isa = PBXBuildFile; fileRef = F8B6C7852764F7390010F14D /* homes_119.png */; };
		F8B6C7932764F73A0010F14D /* rss@2x.png in Resources */ = {isa = PBXBuildFile; fileRef = F8B6C7862764F7390010F14D /* rss@2x.png */; };
		F8B6C7942764F73A0010F14D /* connectivity-bar.png in Resources */ = {isa = PBXBuildFile; fileRef = F8B6C7872764F7390010F14D /* connectivity-bar.png */; };
/* End PBXBuildFile section */

/* Begin PBXContainerItemProxy section */
		F8B6C7812764F7390010F14D /* PBXContainerItemProxy */ = {
			isa = PBXContainerItemProxy;
			containerPortal = F8B6C77D2764F7390010F14D /* Chapter03-TabBar.xcodeproj */;
			proxyType = 2;
			remoteGlobalIDString = 592533731EE7F4A800CE5D91;
			remoteInfo = "Chapter03-TabBar";
		};
/* End PBXContainerItemProxy section */

/* Begin PBXFileReference section */
		F8B6C7592764EE1D0010F14D /* TabBar-Customizing.app */ = {isa = PBXFileReference; explicitFileType = wrapper.application; includeInIndex = 0; path = "TabBar-Customizing.app"; sourceTree = BUILT_PRODUCTS_DIR; };
		F8B6C75C2764EE1D0010F14D /* AppDelegate.swift */ = {isa = PBXFileReference; lastKnownFileType = sourcecode.swift; path = AppDelegate.swift; sourceTree = "<group>"; };
		F8B6C75E2764EE1D0010F14D /* SceneDelegate.swift */ = {isa = PBXFileReference; lastKnownFileType = sourcecode.swift; path = SceneDelegate.swift; sourceTree = "<group>"; };
		F8B6C7602764EE1D0010F14D /* ViewController.swift */ = {isa = PBXFileReference; lastKnownFileType = sourcecode.swift; path = ViewController.swift; sourceTree = "<group>"; };
		F8B6C7632764EE1D0010F14D /* Base */ = {isa = PBXFileReference; lastKnownFileType = file.storyboard; name = Base; path = Base.lproj/Main.storyboard; sourceTree = "<group>"; };
		F8B6C7652764EE1D0010F14D /* Assets.xcassets */ = {isa = PBXFileReference; lastKnownFileType = folder.assetcatalog; path = Assets.xcassets; sourceTree = "<group>"; };
		F8B6C7682764EE1D0010F14D /* Base */ = {isa = PBXFileReference; lastKnownFileType = file.storyboard; name = Base; path = Base.lproj/LaunchScreen.storyboard; sourceTree = "<group>"; };
		F8B6C76A2764EE1D0010F14D /* Info.plist */ = {isa = PBXFileReference; lastKnownFileType = text.plist.xml; path = Info.plist; sourceTree = "<group>"; };
		F8B6C7702764EEDC0010F14D /* SecondViewController.swift */ = {isa = PBXFileReference; lastKnownFileType = sourcecode.swift; path = SecondViewController.swift; sourceTree = "<group>"; };
		F8B6C7722764EEED0010F14D /* ThirdViewController.swift */ = {isa = PBXFileReference; lastKnownFileType = sourcecode.swift; path = ThirdViewController.swift; sourceTree = "<group>"; };
		F8B6C7752764F7390010F14D /* photo.png */ = {isa = PBXFileReference; lastKnownFileType = image.png; path = photo.png; sourceTree = "<group>"; };
		F8B6C7762764F7390010F14D /* calendar.png */ = {isa = PBXFileReference; lastKnownFileType = image.png; path = calendar.png; sourceTree = "<group>"; };
		F8B6C7772764F7390010F14D /* designbump@2x.png */ = {isa = PBXFileReference; lastKnownFileType = image.png; path = "designbump@2x.png"; sourceTree = "<group>"; };
		F8B6C7782764F7390010F14D /* file-tree.png */ = {isa = PBXFileReference; lastKnownFileType = image.png; path = "file-tree.png"; sourceTree = "<group>"; };
		F8B6C7792764F7390010F14D /* google@2x.png */ = {isa = PBXFileReference; lastKnownFileType = image.png; path = "google@2x.png"; sourceTree = "<group>"; };
		F8B6C77A2764F7390010F14D /* menubar-bg-mini.png */ = {isa = PBXFileReference; lastKnownFileType = image.png; path = "menubar-bg-mini.png"; sourceTree = "<group>"; };
		F8B6C77B2764F7390010F14D /* menubar-bg.png */ = {isa = PBXFileReference; lastKnownFileType = image.png; path = "menubar-bg.png"; sourceTree = "<group>"; };
		F8B6C77C2764F7390010F14D /* checkmark@2x.png */ = {isa = PBXFileReference; lastKnownFileType = image.png; path = "checkmark@2x.png"; sourceTree = "<group>"; };
		F8B6C77D2764F7390010F14D /* Chapter03-TabBar.xcodeproj */ = {isa = PBXFileReference; lastKnownFileType = "wrapper.pb-project"; name = "Chapter03-TabBar.xcodeproj"; path = "../../../Downloads/Chapter03/Chapter03-TabBar/Chapter03-TabBar.xcodeproj"; sourceTree = "<group>"; };
		F8B6C7832764F7390010F14D /* twitter@2x.png */ = {isa = PBXFileReference; lastKnownFileType = image.png; path = "twitter@2x.png"; sourceTree = "<group>"; };
		F8B6C7842764F7390010F14D /* facebook@2x.png */ = {isa = PBXFileReference; lastKnownFileType = image.png; path = "facebook@2x.png"; sourceTree = "<group>"; };
		F8B6C7852764F7390010F14D /* homes_119.png */ = {isa = PBXFileReference; lastKnownFileType = image.png; path = homes_119.png; sourceTree = "<group>"; };
		F8B6C7862764F7390010F14D /* rss@2x.png */ = {isa = PBXFileReference; lastKnownFileType = image.png; path = "rss@2x.png"; sourceTree = "<group>"; };
		F8B6C7872764F7390010F14D /* connectivity-bar.png */ = {isa = PBXFileReference; lastKnownFileType = image.png; path = "connectivity-bar.png"; sourceTree = "<group>"; };
/* End PBXFileReference section */

/* Begin PBXFrameworksBuildPhase section */
		F8B6C7562764EE1D0010F14D /* Frameworks */ = {
			isa = PBXFrameworksBuildPhase;
			buildActionMask = 2147483647;
			files = (
			);
			runOnlyForDeploymentPostprocessing = 0;
		};
/* End PBXFrameworksBuildPhase section */

/* Begin PBXGroup section */
		F8B6C7502764EE1D0010F14D = {
			isa = PBXGroup;
			children = (
				F8B6C7742764F6970010F14D /* Resources */,
				F8B6C75B2764EE1D0010F14D /* TabBar-Customizing */,
				F8B6C75A2764EE1D0010F14D /* Products */,
			);
			sourceTree = "<group>";
		};
		F8B6C75A2764EE1D0010F14D /* Products */ = {
			isa = PBXGroup;
			children = (
				F8B6C7592764EE1D0010F14D /* TabBar-Customizing.app */,
			);
			name = Products;
			sourceTree = "<group>";
		};
		F8B6C75B2764EE1D0010F14D /* TabBar-Customizing */ = {
			isa = PBXGroup;
			children = (
				F8B6C75C2764EE1D0010F14D /* AppDelegate.swift */,
				F8B6C75E2764EE1D0010F14D /* SceneDelegate.swift */,
				F8B6C7602764EE1D0010F14D /* ViewController.swift */,
				F8B6C7622764EE1D0010F14D /* Main.storyboard */,
				F8B6C7652764EE1D0010F14D /* Assets.xcassets */,
				F8B6C7672764EE1D0010F14D /* LaunchScreen.storyboard */,
				F8B6C76A2764EE1D0010F14D /* Info.plist */,
				F8B6C7702764EEDC0010F14D /* SecondViewController.swift */,
				F8B6C7722764EEED0010F14D /* ThirdViewController.swift */,
			);
			path = "TabBar-Customizing";
			sourceTree = "<group>";
		};
		F8B6C7742764F6970010F14D /* Resources */ = {
			isa = PBXGroup;
			children = (
				F8B6C7762764F7390010F14D /* calendar.png */,
				F8B6C77D2764F7390010F14D /* Chapter03-TabBar.xcodeproj */,
				F8B6C77C2764F7390010F14D /* checkmark@2x.png */,
				F8B6C7872764F7390010F14D /* connectivity-bar.png */,
				F8B6C7772764F7390010F14D /* designbump@2x.png */,
				F8B6C7842764F7390010F14D /* facebook@2x.png */,
				F8B6C7782764F7390010F14D /* file-tree.png */,
				F8B6C7792764F7390010F14D /* google@2x.png */,
				F8B6C7852764F7390010F14D /* homes_119.png */,
				F8B6C77A2764F7390010F14D /* menubar-bg-mini.png */,
				F8B6C77B2764F7390010F14D /* menubar-bg.png */,
				F8B6C7752764F7390010F14D /* photo.png */,
				F8B6C7862764F7390010F14D /* rss@2x.png */,
				F8B6C7832764F7390010F14D /* twitter@2x.png */,
			);
			path = Resources;
			sourceTree = "<group>";
		};
		F8B6C77E2764F7390010F14D /* Products */ = {
			isa = PBXGroup;
			children = (
				F8B6C7822764F7390010F14D /* Chapter03-TabBar.app */,
			);
			name = Products;
			sourceTree = "<group>";
		};
/* End PBXGroup section */

/* Begin PBXNativeTarget section */
		F8B6C7582764EE1D0010F14D /* TabBar-Customizing */ = {
			isa = PBXNativeTarget;
			buildConfigurationList = F8B6C76D2764EE1D0010F14D /* Build configuration list for PBXNativeTarget "TabBar-Customizing" */;
			buildPhases = (
				F8B6C7552764EE1D0010F14D /* Sources */,
				F8B6C7562764EE1D0010F14D /* Frameworks */,
				F8B6C7572764EE1D0010F14D /* Resources */,
			);
			buildRules = (
			);
			dependencies = (
			);
			name = "TabBar-Customizing";
			productName = "TabBar-Customizing";
			productReference = F8B6C7592764EE1D0010F14D /* TabBar-Customizing.app */;
			productType = "com.apple.product-type.application";
		};
/* End PBXNativeTarget section */

/* Begin PBXProject section */
		F8B6C7512764EE1D0010F14D /* Project object */ = {
			isa = PBXProject;
			attributes = {
				BuildIndependentTargetsInParallel = 1;
				LastSwiftUpdateCheck = 1310;
				LastUpgradeCheck = 1310;
				TargetAttributes = {
					F8B6C7582764EE1D0010F14D = {
						CreatedOnToolsVersion = 13.1;
					};
				};
			};
			buildConfigurationList = F8B6C7542764EE1D0010F14D /* Build configuration list for PBXProject "TabBar-Customizing" */;
			compatibilityVersion = "Xcode 13.0";
			developmentRegion = en;
			hasScannedForEncodings = 0;
			knownRegions = (
				en,
				Base,
			);
			mainGroup = F8B6C7502764EE1D0010F14D;
			productRefGroup = F8B6C75A2764EE1D0010F14D /* Products */;
			projectDirPath = "";
			projectReferences = (
				{
					ProductGroup = F8B6C77E2764F7390010F14D /* Products */;
					ProjectRef = F8B6C77D2764F7390010F14D /* Chapter03-TabBar.xcodeproj */;
				},
			);
			projectRoot = "";
			targets = (
				F8B6C7582764EE1D0010F14D /* TabBar-Customizing */,
			);
		};
/* End PBXProject section */

/* Begin PBXReferenceProxy section */
		F8B6C7822764F7390010F14D /* Chapter03-TabBar.app */ = {
			isa = PBXReferenceProxy;
			fileType = wrapper.application;
			path = "Chapter03-TabBar.app";
			remoteRef = F8B6C7812764F7390010F14D /* PBXContainerItemProxy */;
			sourceTree = BUILT_PRODUCTS_DIR;
		};
/* End PBXReferenceProxy section */

/* Begin PBXResourcesBuildPhase section */
		F8B6C7572764EE1D0010F14D /* Resources */ = {
			isa = PBXResourcesBuildPhase;
			buildActionMask = 2147483647;
			files = (
				F8B6C7922764F73A0010F14D /* homes_119.png in Resources */,
				F8B6C78B2764F7390010F14D /* file-tree.png in Resources */,
				F8B6C78A2764F7390010F14D /* designbump@2x.png in Resources */,
				F8B6C7902764F73A0010F14D /* twitter@2x.png in Resources */,
				F8B6C7692764EE1D0010F14D /* LaunchScreen.storyboard in Resources */,
				F8B6C7932764F73A0010F14D /* rss@2x.png in Resources */,
				F8B6C7662764EE1D0010F14D /* Assets.xcassets in Resources */,
				F8B6C7892764F7390010F14D /* calendar.png in Resources */,
				F8B6C7942764F73A0010F14D /* connectivity-bar.png in Resources */,
				F8B6C78D2764F7390010F14D /* menubar-bg-mini.png in Resources */,
				F8B6C7882764F7390010F14D /* photo.png in Resources */,
				F8B6C78E2764F73A0010F14D /* menubar-bg.png in Resources */,
				F8B6C7642764EE1D0010F14D /* Main.storyboard in Resources */,
				F8B6C78C2764F7390010F14D /* google@2x.png in Resources */,
				F8B6C78F2764F73A0010F14D /* checkmark@2x.png in Resources */,
				F8B6C7912764F73A0010F14D /* facebook@2x.png in Resources */,
			);
			runOnlyForDeploymentPostprocessing = 0;
		};
/* End PBXResourcesBuildPhase section */

/* Begin PBXSourcesBuildPhase section */
		F8B6C7552764EE1D0010F14D /* Sources */ = {
			isa = PBXSourcesBuildPhase;
			buildActionMask = 2147483647;
			files = (
				F8B6C7712764EEDC0010F14D /* SecondViewController.swift in Sources */,
				F8B6C7612764EE1D0010F14D /* ViewController.swift in Sources */,
				F8B6C7732764EEED0010F14D /* ThirdViewController.swift in Sources */,
				F8B6C75D2764EE1D0010F14D /* AppDelegate.swift in Sources */,
				F8B6C75F2764EE1D0010F14D /* SceneDelegate.swift in Sources */,
			);
			runOnlyForDeploymentPostprocessing = 0;
		};
/* End PBXSourcesBuildPhase section */

/* Begin PBXVariantGroup section */
		F8B6C7622764EE1D0010F14D /* Main.storyboard */ = {
			isa = PBXVariantGroup;
			children = (
				F8B6C7632764EE1D0010F14D /* Base */,
			);
			name = Main.storyboard;
			sourceTree = "<group>";
		};
		F8B6C7672764EE1D0010F14D /* LaunchScreen.storyboard */ = {
			isa = PBXVariantGroup;
			children = (
				F8B6C7682764EE1D0010F14D /* Base */,
			);
			name = LaunchScreen.storyboard;
			sourceTree = "<group>";
		};
/* End PBXVariantGroup section */

/* Begin XCBuildConfiguration section */
		F8B6C76B2764EE1D0010F14D /* Debug */ = {
			isa = XCBuildConfiguration;
			buildSettings = {
				ALWAYS_SEARCH_USER_PATHS = NO;
				CLANG_ANALYZER_NONNULL = YES;
				CLANG_ANALYZER_NUMBER_OBJECT_CONVERSION = YES_AGGRESSIVE;
				CLANG_CXX_LANGUAGE_STANDARD = "gnu++17";
				CLANG_CXX_LIBRARY = "libc++";
				CLANG_ENABLE_MODULES = YES;
				CLANG_ENABLE_OBJC_ARC = YES;
				CLANG_ENABLE_OBJC_WEAK = YES;
				CLANG_WARN_BLOCK_CAPTURE_AUTORELEASING = YES;
				CLANG_WARN_BOOL_CONVERSION = YES;
				CLANG_WARN_COMMA = YES;
				CLANG_WARN_CONSTANT_CONVERSION = YES;
				CLANG_WARN_DEPRECATED_OBJC_IMPLEMENTATIONS = YES;
				CLANG_WARN_DIRECT_OBJC_ISA_USAGE = YES_ERROR;
				CLANG_WARN_DOCUMENTATION_COMMENTS = YES;
				CLANG_WARN_EMPTY_BODY = YES;
				CLANG_WARN_ENUM_CONVERSION = YES;
				CLANG_WARN_INFINITE_RECURSION = YES;
				CLANG_WARN_INT_CONVERSION = YES;
				CLANG_WARN_NON_LITERAL_NULL_CONVERSION = YES;
				CLANG_WARN_OBJC_IMPLICIT_RETAIN_SELF = YES;
				CLANG_WARN_OBJC_LITERAL_CONVERSION = YES;
				CLANG_WARN_OBJC_ROOT_CLASS = YES_ERROR;
				CLANG_WARN_QUOTED_INCLUDE_IN_FRAMEWORK_HEADER = YES;
				CLANG_WARN_RANGE_LOOP_ANALYSIS = YES;
				CLANG_WARN_STRICT_PROTOTYPES = YES;
				CLANG_WARN_SUSPICIOUS_MOVE = YES;
				CLANG_WARN_UNGUARDED_AVAILABILITY = YES_AGGRESSIVE;
				CLANG_WARN_UNREACHABLE_CODE = YES;
				CLANG_WARN__DUPLICATE_METHOD_MATCH = YES;
				COPY_PHASE_STRIP = NO;
				DEBUG_INFORMATION_FORMAT = dwarf;
				ENABLE_STRICT_OBJC_MSGSEND = YES;
				ENABLE_TESTABILITY = YES;
				GCC_C_LANGUAGE_STANDARD = gnu11;
				GCC_DYNAMIC_NO_PIC = NO;
				GCC_NO_COMMON_BLOCKS = YES;
				GCC_OPTIMIZATION_LEVEL = 0;
				GCC_PREPROCESSOR_DEFINITIONS = (
					"DEBUG=1",
					"$(inherited)",
				);
				GCC_WARN_64_TO_32_BIT_CONVERSION = YES;
				GCC_WARN_ABOUT_RETURN_TYPE = YES_ERROR;
				GCC_WARN_UNDECLARED_SELECTOR = YES;
				GCC_WARN_UNINITIALIZED_AUTOS = YES_AGGRESSIVE;
				GCC_WARN_UNUSED_FUNCTION = YES;
				GCC_WARN_UNUSED_VARIABLE = YES;
				IPHONEOS_DEPLOYMENT_TARGET = 15.0;
				MTL_ENABLE_DEBUG_INFO = INCLUDE_SOURCE;
				MTL_FAST_MATH = YES;
				ONLY_ACTIVE_ARCH = YES;
				SDKROOT = iphoneos;
				SWIFT_ACTIVE_COMPILATION_CONDITIONS = DEBUG;
				SWIFT_OPTIMIZATION_LEVEL = "-Onone";
			};
			name = Debug;
		};
		F8B6C76C2764EE1D0010F14D /* Release */ = {
			isa = XCBuildConfiguration;
			buildSettings = {
				ALWAYS_SEARCH_USER_PATHS = NO;
				CLANG_ANALYZER_NONNULL = YES;
				CLANG_ANALYZER_NUMBER_OBJECT_CONVERSION = YES_AGGRESSIVE;
				CLANG_CXX_LANGUAGE_STANDARD = "gnu++17";
				CLANG_CXX_LIBRARY = "libc++";
				CLANG_ENABLE_MODULES = YES;
				CLANG_ENABLE_OBJC_ARC = YES;
				CLANG_ENABLE_OBJC_WEAK = YES;
				CLANG_WARN_BLOCK_CAPTURE_AUTORELEASING = YES;
				CLANG_WARN_BOOL_CONVERSION = YES;
				CLANG_WARN_COMMA = YES;
				CLANG_WARN_CONSTANT_CONVERSION = YES;
				CLANG_WARN_DEPRECATED_OBJC_IMPLEMENTATIONS = YES;
				CLANG_WARN_DIRECT_OBJC_ISA_USAGE = YES_ERROR;
				CLANG_WARN_DOCUMENTATION_COMMENTS = YES;
				CLANG_WARN_EMPTY_BODY = YES;
				CLANG_WARN_ENUM_CONVERSION = YES;
				CLANG_WARN_INFINITE_RECURSION = YES;
				CLANG_WARN_INT_CONVERSION = YES;
				CLANG_WARN_NON_LITERAL_NULL_CONVERSION = YES;
				CLANG_WARN_OBJC_IMPLICIT_RETAIN_SELF = YES;
				CLANG_WARN_OBJC_LITERAL_CONVERSION = YES;
				CLANG_WARN_OBJC_ROOT_CLASS = YES_ERROR;
				CLANG_WARN_QUOTED_INCLUDE_IN_FRAMEWORK_HEADER = YES;
				CLANG_WARN_RANGE_LOOP_ANALYSIS = YES;
				CLANG_WARN_STRICT_PROTOTYPES = YES;
				CLANG_WARN_SUSPICIOUS_MOVE = YES;
				CLANG_WARN_UNGUARDED_AVAILABILITY = YES_AGGRESSIVE;
				CLANG_WARN_UNREACHABLE_CODE = YES;
				CLANG_WARN__DUPLICATE_METHOD_MATCH = YES;
				COPY_PHASE_STRIP = NO;
				DEBUG_INFORMATION_FORMAT = "dwarf-with-dsym";
				ENABLE_NS_ASSERTIONS = NO;
				ENABLE_STRICT_OBJC_MSGSEND = YES;
				GCC_C_LANGUAGE_STANDARD = gnu11;
				GCC_NO_COMMON_BLOCKS = YES;
				GCC_WARN_64_TO_32_BIT_CONVERSION = YES;
				GCC_WARN_ABOUT_RETURN_TYPE = YES_ERROR;
				GCC_WARN_UNDECLARED_SELECTOR = YES;
				GCC_WARN_UNINITIALIZED_AUTOS = YES_AGGRESSIVE;
				GCC_WARN_UNUSED_FUNCTION = YES;
				GCC_WARN_UNUSED_VARIABLE = YES;
				IPHONEOS_DEPLOYMENT_TARGET = 15.0;
				MTL_ENABLE_DEBUG_INFO = NO;
				MTL_FAST_MATH = YES;
				SDKROOT = iphoneos;
				SWIFT_COMPILATION_MODE = wholemodule;
				SWIFT_OPTIMIZATION_LEVEL = "-O";
				VALIDATE_PRODUCT = YES;
			};
			name = Release;
		};
		F8B6C76E2764EE1D0010F14D /* Debug */ = {
			isa = XCBuildConfiguration;
			buildSettings = {
				ASSETCATALOG_COMPILER_APPICON_NAME = AppIcon;
				ASSETCATALOG_COMPILER_GLOBAL_ACCENT_COLOR_NAME = AccentColor;
				CODE_SIGN_STYLE = Automatic;
				CURRENT_PROJECT_VERSION = 1;
				DEVELOPMENT_TEAM = 7266553Q8F;
				GENERATE_INFOPLIST_FILE = YES;
				INFOPLIST_FILE = "TabBar-Customizing/Info.plist";
				INFOPLIST_KEY_UIApplicationSupportsIndirectInputEvents = YES;
				INFOPLIST_KEY_UILaunchStoryboardName = LaunchScreen;
				INFOPLIST_KEY_UIMainStoryboardFile = Main;
				INFOPLIST_KEY_UISupportedInterfaceOrientations_iPad = "UIInterfaceOrientationPortrait UIInterfaceOrientationPortraitUpsideDown UIInterfaceOrientationLandscapeLeft UIInterfaceOrientationLandscapeRight";
				INFOPLIST_KEY_UISupportedInterfaceOrientations_iPhone = "UIInterfaceOrientationPortrait UIInterfaceOrientationLandscapeLeft UIInterfaceOrientationLandscapeRight";
				LD_RUNPATH_SEARCH_PATHS = (
					"$(inherited)",
					"@executable_path/Frameworks",
				);
				MARKETING_VERSION = 1.0;
				PRODUCT_BUNDLE_IDENTIFIER = "JaeheonLim.TabBar-Customizing";
				PRODUCT_NAME = "$(TARGET_NAME)";
				SWIFT_EMIT_LOC_STRINGS = YES;
				SWIFT_VERSION = 5.0;
				TARGETED_DEVICE_FAMILY = "1,2";
			};
			name = Debug;
		};
		F8B6C76F2764EE1D0010F14D /* Release */ = {
			isa = XCBuildConfiguration;
			buildSettings = {
				ASSETCATALOG_COMPILER_APPICON_NAME = AppIcon;
				ASSETCATALOG_COMPILER_GLOBAL_ACCENT_COLOR_NAME = AccentColor;
				CODE_SIGN_STYLE = Automatic;
				CURRENT_PROJECT_VERSION = 1;
				DEVELOPMENT_TEAM = 7266553Q8F;
				GENERATE_INFOPLIST_FILE = YES;
				INFOPLIST_FILE = "TabBar-Customizing/Info.plist";
				INFOPLIST_KEY_UIApplicationSupportsIndirectInputEvents = YES;
				INFOPLIST_KEY_UILaunchStoryboardName = LaunchScreen;
				INFOPLIST_KEY_UIMainStoryboardFile = Main;
				INFOPLIST_KEY_UISupportedInterfaceOrientations_iPad = "UIInterfaceOrientationPortrait UIInterfaceOrientationPortraitUpsideDown UIInterfaceOrientationLandscapeLeft UIInterfaceOrientationLandscapeRight";
				INFOPLIST_KEY_UISupportedInterfaceOrientations_iPhone = "UIInterfaceOrientationPortrait UIInterfaceOrientationLandscapeLeft UIInterfaceOrientationLandscapeRight";
				LD_RUNPATH_SEARCH_PATHS = (
					"$(inherited)",
					"@executable_path/Frameworks",
				);
				MARKETING_VERSION = 1.0;
				PRODUCT_BUNDLE_IDENTIFIER = "JaeheonLim.TabBar-Customizing";
				PRODUCT_NAME = "$(TARGET_NAME)";
				SWIFT_EMIT_LOC_STRINGS = YES;
				SWIFT_VERSION = 5.0;
				TARGETED_DEVICE_FAMILY = "1,2";
			};
			name = Release;
		};
/* End XCBuildConfiguration section */

/* Begin XCConfigurationList section */
		F8B6C7542764EE1D0010F14D /* Build configuration list for PBXProject "TabBar-Customizing" */ = {
			isa = XCConfigurationList;
			buildConfigurations = (
				F8B6C76B2764EE1D0010F14D /* Debug */,
				F8B6C76C2764EE1D0010F14D /* Release */,
			);
			defaultConfigurationIsVisible = 0;
			defaultConfigurationName = Release;
		};
		F8B6C76D2764EE1D0010F14D /* Build configuration list for PBXNativeTarget "TabBar-Customizing" */ = {
			isa = XCConfigurationList;
			buildConfigurations = (
				F8B6C76E2764EE1D0010F14D /* Debug */,
				F8B6C76F2764EE1D0010F14D /* Release */,
			);
			defaultConfigurationIsVisible = 0;
			defaultConfigurationName = Release;
		};
/* End XCConfigurationList section */
	};
	rootObject = F8B6C7512764EE1D0010F14D /* Project object */;
}
